
Microsoft Visual Studio Solution File, Format Version 12.00
# Visual Studio Version 17
VisualStudioVersion = 17.14.37027.9
MinimumVisualStudioVersion = 10.0.40219.1
Project("{FAE04EC0-301F-11D3-BF4B-00C04F79EFBC}") = "MentorWebAppBackend", "MentorWebAppBackend\MentorWebAppBackend.csproj", "{62884752-8B4E-4562-AED6-177CF029B827}"
EndProject
Project("{FAE04EC0-301F-11D3-BF4B-00C04F79EFBC}") = "EternaWebbApp", "EternaWebbApp\EternaWebbApp.csproj", "{A85AD8D6-CF2C-4E67-89F6-05BB9C5AE6B1}"
EndProject
Global
	GlobalSection(SolutionConfigurationPlatforms) = preSolution
		Debug|Any CPU = Debug|Any CPU
		Release|Any CPU = Release|Any CPU
	EndGlobalSection
	GlobalSection(ProjectConfigurationPlatforms) = postSolution
		{62884752-8B4E-4562-AED6-177CF029B827}.Debug|Any CPU.ActiveCfg = Debug|Any CPU
		{62884752-8B4E-4562-AED6-177CF029B827}.Debug|Any CPU.Build.0 = Debug|Any CPU
		{62884752-8B4E-4562-AED6-177CF029B827}.Release|Any CPU.ActiveCfg = Release|Any CPU
		{62884752-8B4E-4562-AED6-177CF029B827}.Release|Any CPU.Build.0 = Release|Any CPU
		{A85AD8D6-CF2C-4E67-89F6-05BB9C5AE6B1}.Debug|Any CPU.ActiveCfg = Debug|Any CPU
		{A85AD8D6-CF2C-4E67-89F6-05BB9C5AE6B1}.Debug|Any CPU.Build.0 = Debug|Any CPU
		{A85AD8D6-CF2C-4E67-89F6-05BB9C5AE6B1}.Release|Any CPU.ActiveCfg = Release|Any CPU
		{A85AD8D6-CF2C-4E67-89F6-05BB9C5AE6B1}.Release|Any CPU.Build.0 = Release|Any CPU
	EndGlobalSection
	GlobalSection(SolutionProperties) = preSolution
		HideSolutionNode = FALSE
	EndGlobalSection
	GlobalSection(ExtensibilityGlobals) = postSolution
		SolutionGuid = {C147BD4D-3175-42CC-A643-AD2D4182AF5E}
	EndGlobalSection
EndGlobal
